
Microsoft Visual Studio Solution File, Format Version 12.00
# Visual Studio 15
VisualStudioVersion = 15.0.27004.2002
MinimumVisualStudioVersion = 10.0.40219.1
Project("{FAE04EC0-301F-11D3-BF4B-00C04F79EFBC}") = "testawsauth", "testawsauth\testawsauth.csproj", "{694695C9-714D-45C2-8D99-DA1F65B54563}"
EndProject
Project("{FAE04EC0-301F-11D3-BF4B-00C04F79EFBC}") = "awsauth", "awsauth\awsauth.csproj", "{40430DEB-8C29-44E6-AF64-485DD60F73BB}"
EndProject
Global
	GlobalSection(SolutionConfigurationPlatforms) = preSolution
		Debug|Any CPU = Debug|Any CPU
		Release|Any CPU = Release|Any CPU
	EndGlobalSection
	GlobalSection(ProjectConfigurationPlatforms) = postSolution
		{694695C9-714D-45C2-8D99-DA1F65B54563}.Debug|Any CPU.ActiveCfg = Debug|Any CPU
		{694695C9-714D-45C2-8D99-DA1F65B54563}.Debug|Any CPU.Build.0 = Debug|Any CPU
		{694695C9-714D-45C2-8D99-DA1F65B54563}.Release|Any CPU.ActiveCfg = Release|Any CPU
		{694695C9-714D-45C2-8D99-DA1F65B54563}.Release|Any CPU.Build.0 = Release|Any CPU
		{40430DEB-8C29-44E6-AF64-485DD60F73BB}.Debug|Any CPU.ActiveCfg = Debug|Any CPU
		{40430DEB-8C29-44E6-AF64-485DD60F73BB}.Debug|Any CPU.Build.0 = Debug|Any CPU
		{40430DEB-8C29-44E6-AF64-485DD60F73BB}.Release|Any CPU.ActiveCfg = Release|Any CPU
		{40430DEB-8C29-44E6-AF64-485DD60F73BB}.Release|Any CPU.Build.0 = Release|Any CPU
	EndGlobalSection
	GlobalSection(SolutionProperties) = preSolution
		HideSolutionNode = FALSE
	EndGlobalSection
	GlobalSection(ExtensibilityGlobals) = postSolution
		SolutionGuid = {5CC6334A-415A-45D1-8BDE-3442B218F805}
	EndGlobalSection
EndGlobal
